{
  "name": "music",
  "version": "1.0.0",
  "lockfileVersion": 2,
  "requires": true,
  "packages": {
    "": {
      "version": "1.0.0",
      "license": "ISC",
      "dependencies": {
        "moment": "^2.29.1",
        "pubsub-js": "^1.9.3"
      }
    },
    "node_modules/moment": {
      "version": "2.29.1",
      "resolved": "https://registry.npm.taobao.org/moment/download/moment-2.29.1.tgz",
      "integrity": "sha1-sr52n6MZQL6e7qZGnAdeNQBvo9M=",
      "engines": {
        "node": "*"
      }
    },
    "node_modules/pubsub-js": {
      "version": "1.9.3",
      "resolved": "https://registry.npm.taobao.org/pubsub-js/download/pubsub-js-1.9.3.tgz",
      "integrity": "sha1-Z07qTVaNBALgUnzbEOKqt7VWIdI="
    }
  },
  "dependencies": {
    "moment": {
      "version": "2.29.1",
      "resolved": "https://registry.npm.taobao.org/moment/download/moment-2.29.1.tgz",
      "integrity": "sha1-sr52n6MZQL6e7qZGnAdeNQBvo9M="
    },
    "pubsub-js": {
      "version": "1.9.3",
      "resolved": "https://registry.npm.taobao.org/pubsub-js/download/pubsub-js-1.9.3.tgz",
      "integrity": "sha1-Z07qTVaNBALgUnzbEOKqt7VWIdI="
    }
  }
}
